# generated by rye
# use `rye lock` or `rye sync` to update this lockfile
#
# last locked with the following flags:
#   pre: false
#   features: []
#   all-features: false
#   with-sources: false
#   generate-hashes: false

-e file:.
aiohttp==3.9.5
    # via gcsfs
aiosignal==1.3.1
    # via aiohttp
antlr4-python3-runtime==4.10
    # via winval
argcomplete==3.3.0
    # via miniwdl
attrs==23.2.0
    # via aiohttp
boto3==1.34.113
    # via mario
    # via winval
botocore==1.34.113
    # via boto3
    # via s3transfer
bullet==2.2.0
    # via miniwdl
cachetools==5.3.3
    # via google-auth
certifi==2024.2.2
    # via requests
charset-normalizer==3.3.2
    # via requests
click==8.1.7
    # via cromshell
coloredlogs==15.0.1
    # via miniwdl
cromshell==2.1.1
    # via mario
decorator==5.1.1
    # via gcsfs
docker==7.1.0
    # via miniwdl
frozenlist==1.4.1
    # via aiohttp
    # via aiosignal
fsspec==2024.5.0
    # via gcsfs
gcsfs==2024.5.0
    # via cromshell
gitdb==4.0.11
    # via gitpython
gitpython==3.1.43
    # via mario
google-api-core==2.19.0
    # via google-cloud-bigquery
    # via google-cloud-core
    # via google-cloud-storage
google-auth==2.29.0
    # via gcsfs
    # via google-api-core
    # via google-auth-oauthlib
    # via google-cloud-bigquery
    # via google-cloud-core
    # via google-cloud-storage
google-auth-oauthlib==1.2.0
    # via gcsfs
google-cloud-bigquery==3.23.1
    # via cromshell
google-cloud-core==2.4.1
    # via google-cloud-bigquery
    # via google-cloud-storage
google-cloud-storage==2.16.0
    # via gcsfs
    # via winval
google-crc32c==1.5.0
    # via google-cloud-storage
    # via google-resumable-media
google-resumable-media==2.7.0
    # via google-cloud-bigquery
    # via google-cloud-storage
googleapis-common-protos==1.63.0
    # via google-api-core
    # via grpcio-status
grpcio==1.64.0
    # via google-api-core
    # via grpcio-status
grpcio-status==1.62.2
    # via google-api-core
humanfriendly==10.0
    # via coloredlogs
hydra-core @ git+https://github.com/facebookresearch/hydra.git@2e682d84e789d82dd11ab1f329f2dd1966fa6b54
    # via mario
idna==3.7
    # via requests
    # via yarl
importlib-metadata==7.1.0
    # via miniwdl
jinja2==3.1.4
    # via wdl-aid
jmespath==1.0.1
    # via boto3
    # via botocore
lark==1.1.9
    # via miniwdl
markupsafe==2.1.5
    # via jinja2
miniwdl==1.12.0
    # via cromshell
    # via mario
    # via wdl-aid
multidict==6.0.5
    # via aiohttp
    # via yarl
mysql-connector-python==8.4.0
    # via mario
numpy==1.26.4
    # via pandas
oauthlib==3.2.2
    # via requests-oauthlib
omegaconf==2.4.0.dev3
    # via hydra-core
packaging==24.0
    # via google-cloud-bigquery
    # via hydra-core
pandas==2.2.2
    # via mario
proto-plus==1.23.0
    # via google-api-core
protobuf==4.25.3
    # via google-api-core
    # via googleapis-common-protos
    # via grpcio-status
    # via proto-plus
psutil==5.9.8
    # via miniwdl
pyasn1==0.6.0
    # via pyasn1-modules
    # via rsa
pyasn1-modules==0.4.0
    # via google-auth
pygments==2.18.0
    # via cromshell
pygtail==0.14.0
    # via miniwdl
python-dateutil==2.9.0.post0
    # via botocore
    # via google-cloud-bigquery
    # via pandas
python-json-logger==2.0.7
    # via miniwdl
pytz==2024.1
    # via pandas
pyyaml==6.0.1
    # via miniwdl
    # via omegaconf
regex==2024.5.15
    # via miniwdl
requests==2.32.2
    # via cromshell
    # via docker
    # via gcsfs
    # via google-api-core
    # via google-cloud-bigquery
    # via google-cloud-storage
    # via requests-oauthlib
requests-oauthlib==2.0.0
    # via google-auth-oauthlib
rsa==4.9
    # via google-auth
s3transfer==0.10.1
    # via boto3
setuptools==70.0.0
    # via miniwdl
shellcheck-py==0.10.0.1
    # via mario
six==1.16.0
    # via python-dateutil
smmap==5.0.1
    # via gitdb
tabulate==0.9.0
    # via cromshell
termcolor==2.4.0
    # via cromshell
tzdata==2024.1
    # via pandas
urllib3==2.2.1
    # via botocore
    # via docker
    # via requests
wdl-aid==1.0.0
    # via mario
winval==0.7.0
    # via mario
xdg==6.0.0
    # via miniwdl
yarl==1.9.4
    # via aiohttp
zipp==3.19.0
    # via importlib-metadata
